
Microsoft Visual Studio Solution File, Format Version 12.00
# Visual Studio Version 17
VisualStudioVersion = 17.9.34622.214
MinimumVisualStudioVersion = 10.0.40219.1
Project("{9A19103F-16F7-4668-BE54-9A1E7A4F7556}") = "WebShopApp", "WebShopApp\WebShopApp.csproj", "{07B38F78-57AB-4BE5-A13C-8EFB415A5B4E}"
	ProjectSection(ProjectDependencies) = postProject
		{B919AA31-DB03-4F74-9BE0-F968BE0CADC3} = {B919AA31-DB03-4F74-9BE0-F968BE0CADC3}
	EndProjectSection
EndProject
Project("{9A19103F-16F7-4668-BE54-9A1E7A4F7556}") = "WebShopApp.Infrastructure", "WebShopApp.Infrastructure\WebShopApp.Infrastructure.csproj", "{B919AA31-DB03-4F74-9BE0-F968BE0CADC3}"
EndProject
Global
	GlobalSection(SolutionConfigurationPlatforms) = preSolution
		Debug|Any CPU = Debug|Any CPU
		Release|Any CPU = Release|Any CPU
	EndGlobalSection
	GlobalSection(ProjectConfigurationPlatforms) = postSolution
		{07B38F78-57AB-4BE5-A13C-8EFB415A5B4E}.Debug|Any CPU.ActiveCfg = Debug|Any CPU
		{07B38F78-57AB-4BE5-A13C-8EFB415A5B4E}.Debug|Any CPU.Build.0 = Debug|Any CPU
		{07B38F78-57AB-4BE5-A13C-8EFB415A5B4E}.Release|Any CPU.ActiveCfg = Release|Any CPU
		{07B38F78-57AB-4BE5-A13C-8EFB415A5B4E}.Release|Any CPU.Build.0 = Release|Any CPU
		{B919AA31-DB03-4F74-9BE0-F968BE0CADC3}.Debug|Any CPU.ActiveCfg = Debug|Any CPU
		{B919AA31-DB03-4F74-9BE0-F968BE0CADC3}.Debug|Any CPU.Build.0 = Debug|Any CPU
		{B919AA31-DB03-4F74-9BE0-F968BE0CADC3}.Release|Any CPU.ActiveCfg = Release|Any CPU
		{B919AA31-DB03-4F74-9BE0-F968BE0CADC3}.Release|Any CPU.Build.0 = Release|Any CPU
	EndGlobalSection
	GlobalSection(SolutionProperties) = preSolution
		HideSolutionNode = FALSE
	EndGlobalSection
	GlobalSection(ExtensibilityGlobals) = postSolution
		SolutionGuid = {0B48EFC6-F83F-4EA4-954B-37F46142125A}
	EndGlobalSection
EndGlobal
